
Microsoft Visual Studio Solution File, Format Version 12.00
# Visual Studio Version 17
VisualStudioVersion = 17.1.32421.90
MinimumVisualStudioVersion = 10.0.40219.1
Project("{FAE04EC0-301F-11D3-BF4B-00C04F79EFBC}") = "Atena.Events.Lesson", "Atena.Events.Lesson\Atena.Events.Lesson.csproj", "{B9346649-48C1-41A2-889B-A3A6EC466E7D}"
EndProject
Global
	GlobalSection(SolutionConfigurationPlatforms) = preSolution
		Debug|Any CPU = Debug|Any CPU
		Release|Any CPU = Release|Any CPU
	EndGlobalSection
	GlobalSection(ProjectConfigurationPlatforms) = postSolution
		{B9346649-48C1-41A2-889B-A3A6EC466E7D}.Debug|Any CPU.ActiveCfg = Debug|Any CPU
		{B9346649-48C1-41A2-889B-A3A6EC466E7D}.Debug|Any CPU.Build.0 = Debug|Any CPU
		{B9346649-48C1-41A2-889B-A3A6EC466E7D}.Release|Any CPU.ActiveCfg = Release|Any CPU
		{B9346649-48C1-41A2-889B-A3A6EC466E7D}.Release|Any CPU.Build.0 = Release|Any CPU
	EndGlobalSection
	GlobalSection(SolutionProperties) = preSolution
		HideSolutionNode = FALSE
	EndGlobalSection
	GlobalSection(ExtensibilityGlobals) = postSolution
		SolutionGuid = {7D2DC01C-AE24-4DC5-8537-EB20EE6AB1C8}
	EndGlobalSection
EndGlobal
